
Microsoft Visual Studio Solution File, Format Version 12.00
# Visual Studio Version 17
VisualStudioVersion = 17.14.36518.9
MinimumVisualStudioVersion = 10.0.40219.1
Project("{FAE04EC0-301F-11D3-BF4B-00C04F79EFBC}") = "FileManager", "FileManager.csproj", "{0720703F-71C6-4530-BDD6-F8EA7FE31F52}"
EndProject
Project("{FAE04EC0-301F-11D3-BF4B-00C04F79EFBC}") = "FileManagerTest", "FileManagerTest\FileManagerTest.csproj", "{714F21F8-E601-4CA7-ACD5-B56BA18029B0}"
EndProject
Global
	GlobalSection(SolutionConfigurationPlatforms) = preSolution
		Debug|Any CPU = Debug|Any CPU
		Release|Any CPU = Release|Any CPU
	EndGlobalSection
	GlobalSection(ProjectConfigurationPlatforms) = postSolution
		{0720703F-71C6-4530-BDD6-F8EA7FE31F52}.Debug|Any CPU.ActiveCfg = Debug|Any CPU
		{0720703F-71C6-4530-BDD6-F8EA7FE31F52}.Debug|Any CPU.Build.0 = Debug|Any CPU
		{0720703F-71C6-4530-BDD6-F8EA7FE31F52}.Release|Any CPU.ActiveCfg = Release|Any CPU
		{0720703F-71C6-4530-BDD6-F8EA7FE31F52}.Release|Any CPU.Build.0 = Release|Any CPU
		{714F21F8-E601-4CA7-ACD5-B56BA18029B0}.Debug|Any CPU.ActiveCfg = Debug|Any CPU
		{714F21F8-E601-4CA7-ACD5-B56BA18029B0}.Debug|Any CPU.Build.0 = Debug|Any CPU
		{714F21F8-E601-4CA7-ACD5-B56BA18029B0}.Release|Any CPU.ActiveCfg = Release|Any CPU
		{714F21F8-E601-4CA7-ACD5-B56BA18029B0}.Release|Any CPU.Build.0 = Release|Any CPU
	EndGlobalSection
	GlobalSection(SolutionProperties) = preSolution
		HideSolutionNode = FALSE
	EndGlobalSection
	GlobalSection(ExtensibilityGlobals) = postSolution
		SolutionGuid = {184D9146-39F0-4B38-AF3C-17B38D968AB3}
	EndGlobalSection
EndGlobal
